
Microsoft Visual Studio Solution File, Format Version 12.00
# Visual Studio Version 17
VisualStudioVersion = 17.0.31903.59
MinimumVisualStudioVersion = 10.0.40219.1
Project("{FAE04EC0-301F-11D3-BF4B-00C04F79EFBC}") = "RiverBooks.Web", "RiverBooks.Web\RiverBooks.Web.csproj", "{80A0B57F-360D-438C-BA2A-285FF469056D}"
EndProject
Project("{FAE04EC0-301F-11D3-BF4B-00C04F79EFBC}") = "RiverBooks.Books", "RiverBooks.Books\RiverBooks.Books.csproj", "{EE4ED557-8096-41AF-B248-0DB8403BB47C}"
EndProject
Project("{2150E333-8FDC-42A3-9474-1A3956D46DE8}") = "Solution Items", "Solution Items", "{02EA681E-C7D8-13C7-8484-4AC65E1B71E8}"
	ProjectSection(SolutionItems) = preProject
		Directory.Build.props = Directory.Build.props
		editorconfig.txt = editorconfig.txt
	EndProjectSection
EndProject
Global
	GlobalSection(SolutionConfigurationPlatforms) = preSolution
		Debug|Any CPU = Debug|Any CPU
		Debug|x64 = Debug|x64
		Debug|x86 = Debug|x86
		Release|Any CPU = Release|Any CPU
		Release|x64 = Release|x64
		Release|x86 = Release|x86
	EndGlobalSection
	GlobalSection(ProjectConfigurationPlatforms) = postSolution
		{80A0B57F-360D-438C-BA2A-285FF469056D}.Debug|Any CPU.ActiveCfg = Debug|Any CPU
		{80A0B57F-360D-438C-BA2A-285FF469056D}.Debug|Any CPU.Build.0 = Debug|Any CPU
		{80A0B57F-360D-438C-BA2A-285FF469056D}.Debug|x64.ActiveCfg = Debug|Any CPU
		{80A0B57F-360D-438C-BA2A-285FF469056D}.Debug|x64.Build.0 = Debug|Any CPU
		{80A0B57F-360D-438C-BA2A-285FF469056D}.Debug|x86.ActiveCfg = Debug|Any CPU
		{80A0B57F-360D-438C-BA2A-285FF469056D}.Debug|x86.Build.0 = Debug|Any CPU
		{80A0B57F-360D-438C-BA2A-285FF469056D}.Release|Any CPU.ActiveCfg = Release|Any CPU
		{80A0B57F-360D-438C-BA2A-285FF469056D}.Release|Any CPU.Build.0 = Release|Any CPU
		{80A0B57F-360D-438C-BA2A-285FF469056D}.Release|x64.ActiveCfg = Release|Any CPU
		{80A0B57F-360D-438C-BA2A-285FF469056D}.Release|x64.Build.0 = Release|Any CPU
		{80A0B57F-360D-438C-BA2A-285FF469056D}.Release|x86.ActiveCfg = Release|Any CPU
		{80A0B57F-360D-438C-BA2A-285FF469056D}.Release|x86.Build.0 = Release|Any CPU
		{EE4ED557-8096-41AF-B248-0DB8403BB47C}.Debug|Any CPU.ActiveCfg = Debug|Any CPU
		{EE4ED557-8096-41AF-B248-0DB8403BB47C}.Debug|Any CPU.Build.0 = Debug|Any CPU
		{EE4ED557-8096-41AF-B248-0DB8403BB47C}.Debug|x64.ActiveCfg = Debug|Any CPU
		{EE4ED557-8096-41AF-B248-0DB8403BB47C}.Debug|x64.Build.0 = Debug|Any CPU
		{EE4ED557-8096-41AF-B248-0DB8403BB47C}.Debug|x86.ActiveCfg = Debug|Any CPU
		{EE4ED557-8096-41AF-B248-0DB8403BB47C}.Debug|x86.Build.0 = Debug|Any CPU
		{EE4ED557-8096-41AF-B248-0DB8403BB47C}.Release|Any CPU.ActiveCfg = Release|Any CPU
		{EE4ED557-8096-41AF-B248-0DB8403BB47C}.Release|Any CPU.Build.0 = Release|Any CPU
		{EE4ED557-8096-41AF-B248-0DB8403BB47C}.Release|x64.ActiveCfg = Release|Any CPU
		{EE4ED557-8096-41AF-B248-0DB8403BB47C}.Release|x64.Build.0 = Release|Any CPU
		{EE4ED557-8096-41AF-B248-0DB8403BB47C}.Release|x86.ActiveCfg = Release|Any CPU
		{EE4ED557-8096-41AF-B248-0DB8403BB47C}.Release|x86.Build.0 = Release|Any CPU
	EndGlobalSection
	GlobalSection(SolutionProperties) = preSolution
		HideSolutionNode = FALSE
	EndGlobalSection
	GlobalSection(ExtensibilityGlobals) = postSolution
		SolutionGuid = {FDEFE89A-C9B1-439F-B6CB-E461772C58F8}
	EndGlobalSection
EndGlobal
